
Microsoft Visual Studio Solution File, Format Version 11.00
# Visual Studio 2010
Project("{FAE04EC0-301F-11D3-BF4B-00C04F79EFBC}") = "NewSMSSDK", "Assembly-CSharp-firstpass.csproj", "{AC7C632C-3EA4-99AF-15C5-5BF235F69462}"
EndProject
Project("{FAE04EC0-301F-11D3-BF4B-00C04F79EFBC}") = "NewSMSSDK", "Assembly-CSharp-Editor-firstpass.csproj", "{0DF3CC32-20BF-1C80-061C-3DD98CCBDF1E}"
EndProject
Global
	GlobalSection(SolutionConfigurationPlatforms) = preSolution
		Debug|Any CPU = Debug|Any CPU
		Release|Any CPU = Release|Any CPU
	EndGlobalSection
	GlobalSection(ProjectConfigurationPlatforms) = postSolution
		{AC7C632C-3EA4-99AF-15C5-5BF235F69462}.Debug|Any CPU.ActiveCfg = Debug|Any CPU
		{AC7C632C-3EA4-99AF-15C5-5BF235F69462}.Debug|Any CPU.Build.0 = Debug|Any CPU
		{AC7C632C-3EA4-99AF-15C5-5BF235F69462}.Release|Any CPU.ActiveCfg = Release|Any CPU
		{AC7C632C-3EA4-99AF-15C5-5BF235F69462}.Release|Any CPU.Build.0 = Release|Any CPU
		{0DF3CC32-20BF-1C80-061C-3DD98CCBDF1E}.Debug|Any CPU.ActiveCfg = Debug|Any CPU
		{0DF3CC32-20BF-1C80-061C-3DD98CCBDF1E}.Debug|Any CPU.Build.0 = Debug|Any CPU
		{0DF3CC32-20BF-1C80-061C-3DD98CCBDF1E}.Release|Any CPU.ActiveCfg = Release|Any CPU
		{0DF3CC32-20BF-1C80-061C-3DD98CCBDF1E}.Release|Any CPU.Build.0 = Release|Any CPU
	EndGlobalSection
	GlobalSection(SolutionProperties) = preSolution
		HideSolutionNode = FALSE
	EndGlobalSection
	GlobalSection(MonoDevelopProperties) = preSolution
		StartupItem = Assembly-CSharp.csproj
	EndGlobalSection
EndGlobal
