
Microsoft Visual Studio Solution File, Format Version 12.00
# Visual Studio 2015
Project("{FAE04EC0-301F-11D3-BF4B-00C04F79EFBC}") = "Unity3DForSMSSDK.CSharp.Plugins", "Unity3DForSMSSDK.CSharp.Plugins.csproj", "{153F76A1-BD1D-3D48-318B-12B438F6147C}"
EndProject
Project("{FAE04EC0-301F-11D3-BF4B-00C04F79EFBC}") = "Unity3DForSMSSDK.CSharp", "Unity3DForSMSSDK.CSharp.csproj", "{02447F82-1A1D-3429-C4A3-3DA8441073F0}"
EndProject
Global
	GlobalSection(SolutionConfigurationPlatforms) = preSolution
		Debug|Any CPU = Debug|Any CPU
		Release|Any CPU = Release|Any CPU
	EndGlobalSection
	GlobalSection(ProjectConfigurationPlatforms) = postSolution
		{153F76A1-BD1D-3D48-318B-12B438F6147C}.Debug|Any CPU.ActiveCfg = Debug|Any CPU
		{153F76A1-BD1D-3D48-318B-12B438F6147C}.Debug|Any CPU.Build.0 = Debug|Any CPU
		{153F76A1-BD1D-3D48-318B-12B438F6147C}.Release|Any CPU.ActiveCfg = Release|Any CPU
		{153F76A1-BD1D-3D48-318B-12B438F6147C}.Release|Any CPU.Build.0 = Release|Any CPU
		{02447F82-1A1D-3429-C4A3-3DA8441073F0}.Debug|Any CPU.ActiveCfg = Debug|Any CPU
		{02447F82-1A1D-3429-C4A3-3DA8441073F0}.Debug|Any CPU.Build.0 = Debug|Any CPU
		{02447F82-1A1D-3429-C4A3-3DA8441073F0}.Release|Any CPU.ActiveCfg = Release|Any CPU
		{02447F82-1A1D-3429-C4A3-3DA8441073F0}.Release|Any CPU.Build.0 = Release|Any CPU
	EndGlobalSection
	GlobalSection(SolutionProperties) = preSolution
		HideSolutionNode = FALSE
	EndGlobalSection
EndGlobal
